
Microsoft Visual Studio Solution File, Format Version 12.00
# Visual Studio Version 17
VisualStudioVersion = 17.7.34202.233
MinimumVisualStudioVersion = 10.0.40219.1
Project("{FAE04EC0-301F-11D3-BF4B-00C04F79EFBC}") = "Assignment_Web_APIs", "Assignment_Web_APIs.csproj", "{52988EC3-2CDB-4438-8713-1982C21E2687}"
EndProject
Global
	GlobalSection(SolutionConfigurationPlatforms) = preSolution
		Debug|Any CPU = Debug|Any CPU
		Release|Any CPU = Release|Any CPU
	EndGlobalSection
	GlobalSection(ProjectConfigurationPlatforms) = postSolution
		{52988EC3-2CDB-4438-8713-1982C21E2687}.Debug|Any CPU.ActiveCfg = Debug|Any CPU
		{52988EC3-2CDB-4438-8713-1982C21E2687}.Debug|Any CPU.Build.0 = Debug|Any CPU
		{52988EC3-2CDB-4438-8713-1982C21E2687}.Release|Any CPU.ActiveCfg = Release|Any CPU
		{52988EC3-2CDB-4438-8713-1982C21E2687}.Release|Any CPU.Build.0 = Release|Any CPU
	EndGlobalSection
	GlobalSection(SolutionProperties) = preSolution
		HideSolutionNode = FALSE
	EndGlobalSection
	GlobalSection(ExtensibilityGlobals) = postSolution
		SolutionGuid = {17C5FAD3-7A64-49FB-83E7-F5E9B759245C}
	EndGlobalSection
EndGlobal
